
Microsoft Visual Studio Solution File, Format Version 12.00
# Visual Studio Version 16
VisualStudioVersion = 16.0.30523.141
MinimumVisualStudioVersion = 10.0.40219.1
Project("{FAE04EC0-301F-11D3-BF4B-00C04F79EFBC}") = "Components", "Components\Components.csproj", "{2AECE612-323E-454E-8DC6-63629FAEB1DC}"
EndProject
Global
	GlobalSection(SolutionConfigurationPlatforms) = preSolution
		Debug|Any CPU = Debug|Any CPU
		Release|Any CPU = Release|Any CPU
	EndGlobalSection
	GlobalSection(ProjectConfigurationPlatforms) = postSolution
		{2AECE612-323E-454E-8DC6-63629FAEB1DC}.Debug|Any CPU.ActiveCfg = Debug|Any CPU
		{2AECE612-323E-454E-8DC6-63629FAEB1DC}.Debug|Any CPU.Build.0 = Debug|Any CPU
		{2AECE612-323E-454E-8DC6-63629FAEB1DC}.Release|Any CPU.ActiveCfg = Release|Any CPU
		{2AECE612-323E-454E-8DC6-63629FAEB1DC}.Release|Any CPU.Build.0 = Release|Any CPU
	EndGlobalSection
	GlobalSection(SolutionProperties) = preSolution
		HideSolutionNode = FALSE
	EndGlobalSection
	GlobalSection(ExtensibilityGlobals) = postSolution
		SolutionGuid = {C292AFAE-296B-49F2-93AF-A0D75B9E6CCD}
	EndGlobalSection
EndGlobal
